
Microsoft Visual Studio Solution File, Format Version 11.00
# Visual Studio 2010
Project("{8BC9CEB8-8B4A-11D0-8D11-00A0C91BC942}") = "Maze", "Maze\Maze.vcxproj", "{EA307A81-F856-407C-A7EA-D12AC0E5CBC6}"
EndProject
Global
	GlobalSection(SolutionConfigurationPlatforms) = preSolution
		Debug|Win32 = Debug|Win32
		Release|Win32 = Release|Win32
	EndGlobalSection
	GlobalSection(ProjectConfigurationPlatforms) = postSolution
		{EA307A81-F856-407C-A7EA-D12AC0E5CBC6}.Debug|Win32.ActiveCfg = Debug|Win32
		{EA307A81-F856-407C-A7EA-D12AC0E5CBC6}.Debug|Win32.Build.0 = Debug|Win32
		{EA307A81-F856-407C-A7EA-D12AC0E5CBC6}.Release|Win32.ActiveCfg = Release|Win32
		{EA307A81-F856-407C-A7EA-D12AC0E5CBC6}.Release|Win32.Build.0 = Release|Win32
	EndGlobalSection
	GlobalSection(SolutionProperties) = preSolution
		HideSolutionNode = FALSE
	EndGlobalSection
EndGlobal
